
Microsoft Visual Studio Solution File, Format Version 12.00
# Visual Studio Version 17
VisualStudioVersion = 17.8.34330.188
MinimumVisualStudioVersion = 10.0.40219.1
Project("{9A19103F-16F7-4668-BE54-9A1E7A4F7556}") = "Sheenam.API", "Sheenam.API\Sheenam.API.csproj", "{D4ED2706-9EE1-4948-AE5C-15177D4DB4FA}"
EndProject
Project("{FAE04EC0-301F-11D3-BF4B-00C04F79EFBC}") = "Sheenam.Api.Tests.Unit", "Sheenam.Api.Tests.Unit\Sheenam.Api.Tests.Unit.csproj", "{296C1AEF-A0FE-427C-89CC-B2DA11692634}"
EndProject
Project("{FAE04EC0-301F-11D3-BF4B-00C04F79EFBC}") = "Sheenam.Api.Infrastructura.Build", "Sheenam.Api.Infrastructura.Build\Sheenam.Api.Infrastructura.Build.csproj", "{40EA8C35-2BB6-48E0-B7CC-60727056A783}"
EndProject
Global
	GlobalSection(SolutionConfigurationPlatforms) = preSolution
		Debug|Any CPU = Debug|Any CPU
		Release|Any CPU = Release|Any CPU
	EndGlobalSection
	GlobalSection(ProjectConfigurationPlatforms) = postSolution
		{D4ED2706-9EE1-4948-AE5C-15177D4DB4FA}.Debug|Any CPU.ActiveCfg = Debug|Any CPU
		{D4ED2706-9EE1-4948-AE5C-15177D4DB4FA}.Debug|Any CPU.Build.0 = Debug|Any CPU
		{D4ED2706-9EE1-4948-AE5C-15177D4DB4FA}.Release|Any CPU.ActiveCfg = Release|Any CPU
		{D4ED2706-9EE1-4948-AE5C-15177D4DB4FA}.Release|Any CPU.Build.0 = Release|Any CPU
		{296C1AEF-A0FE-427C-89CC-B2DA11692634}.Debug|Any CPU.ActiveCfg = Debug|Any CPU
		{296C1AEF-A0FE-427C-89CC-B2DA11692634}.Debug|Any CPU.Build.0 = Debug|Any CPU
		{296C1AEF-A0FE-427C-89CC-B2DA11692634}.Release|Any CPU.ActiveCfg = Release|Any CPU
		{296C1AEF-A0FE-427C-89CC-B2DA11692634}.Release|Any CPU.Build.0 = Release|Any CPU
		{40EA8C35-2BB6-48E0-B7CC-60727056A783}.Debug|Any CPU.ActiveCfg = Debug|Any CPU
		{40EA8C35-2BB6-48E0-B7CC-60727056A783}.Debug|Any CPU.Build.0 = Debug|Any CPU
		{40EA8C35-2BB6-48E0-B7CC-60727056A783}.Release|Any CPU.ActiveCfg = Release|Any CPU
		{40EA8C35-2BB6-48E0-B7CC-60727056A783}.Release|Any CPU.Build.0 = Release|Any CPU
	EndGlobalSection
	GlobalSection(SolutionProperties) = preSolution
		HideSolutionNode = FALSE
	EndGlobalSection
	GlobalSection(ExtensibilityGlobals) = postSolution
		SolutionGuid = {3D166ABD-7342-4B5A-8236-D65396E23A84}
	EndGlobalSection
EndGlobal
